{
    "name": "biga.ahk-dev",
    "version": "0.1.1",
    "lockfileVersion": 1,
    "requires": true,
    "dependencies": {
        "biga.ahk": {
            "version": "0.22.0",
            "resolved": "https://registry.npmjs.org/biga.ahk/-/biga.ahk-0.22.0.tgz",
            "integrity": "sha512-AyIV2jPav7svy+A6WNJcSMb4ZU3pyykyoKMQa6dFEidLiWOySlGW5xT75to+DnHTXC0NJQMjWUfPsPPUXSJYkg==",
            "dev": true
        },
        "unit-testing.ahk": {
            "version": "github:chunjee/unit-testing.ahk#6e0ca56653e0cc9bbb323c300f86a91612a4a880",
            "from": "github:chunjee/unit-testing.ahk",
            "dev": true
        },
        "util-misc.ahk": {
            "version": "gist:cf6c862be8fa18c546d2fd67d86f84aa#4852d1ec98a6ddef7cd5a4c9413154e360ea1381",
            "from": "gist:cf6c862be8fa18c546d2fd67d86f84aa",
            "dev": true
        }
    }
}
