{
    "name": "biga.ahk-dev",
    "version": "0.1.1",
    "lockfileVersion": 1,
    "requires": true,
    "dependencies": {
        "biga.ahk": {
            "version": "0.22.0",
            "resolved": "https://registry.npmjs.org/biga.ahk/-/biga.ahk-0.22.0.tgz",
            "integrity": "sha512-AyIV2jPav7svy+A6WNJcSMb4ZU3pyykyoKMQa6dFEidLiWOySlGW5xT75to+DnHTXC0NJQMjWUfPsPPUXSJYkg==",
            "dev": true
        },
        "json.ahk": {
            "version": "github:chunjee/json.ahk#32a35dbfed3bfedfca79616d2300710c64632c09",
            "from": "github:chunjee/json.ahk",
            "dev": true
        },
        "unit-testing.ahk": {
            "version": "github:chunjee/unit-testing.ahk#6e0ca56653e0cc9bbb323c300f86a91612a4a880",
            "from": "github:chunjee/unit-testing.ahk",
            "dev": true
        }
    }
}
