{
    "name": "biga.ahk-dev",
    "version": "0.1.1",
    "lockfileVersion": 1,
    "requires": true,
    "dependencies": {
        "biga.ahk": {
            "version": "0.2.3",
            "resolved": "https://registry.npmjs.org/biga.ahk/-/biga.ahk-0.2.3.tgz",
            "integrity": "sha512-ji5TCAj3u1/IFUaqJMtemIa2UI4oRfQqM1X0Zk/pLTYG01Rae8d1VukzxdfxnzBFoSHXWnZJ9UiZVseyVALD0g=="
        },
        "json.ahk": {
            "version": "github:chunjee/json.ahk#32a35dbfed3bfedfca79616d2300710c64632c09",
            "from": "github:chunjee/json.ahk",
            "dev": true
        },
        "unit-testing.ahk": {
            "version": "github:chunjee/unit-testing.ahk#6e0ca56653e0cc9bbb323c300f86a91612a4a880",
            "from": "github:chunjee/unit-testing.ahk",
            "dev": true
        }
    }
}
